
Microsoft Visual Studio Solution File, Format Version 12.00
# Visual Studio Version 17
VisualStudioVersion = 17.14.36202.13 d17.14
MinimumVisualStudioVersion = 10.0.40219.1
Project("{FAE04EC0-301F-11D3-BF4B-00C04F79EFBC}") = "BackupNatorApp", "BackupNatorApp\BackupNatorApp.csproj", "{405AF537-3A88-4B5B-9F62-F62EE0EEDAAD}"
EndProject
Global
	GlobalSection(SolutionConfigurationPlatforms) = preSolution
		Debug|Any CPU = Debug|Any CPU
		Release|Any CPU = Release|Any CPU
	EndGlobalSection
	GlobalSection(ProjectConfigurationPlatforms) = postSolution
		{405AF537-3A88-4B5B-9F62-F62EE0EEDAAD}.Debug|Any CPU.ActiveCfg = Debug|Any CPU
		{405AF537-3A88-4B5B-9F62-F62EE0EEDAAD}.Debug|Any CPU.Build.0 = Debug|Any CPU
		{405AF537-3A88-4B5B-9F62-F62EE0EEDAAD}.Release|Any CPU.ActiveCfg = Release|Any CPU
		{405AF537-3A88-4B5B-9F62-F62EE0EEDAAD}.Release|Any CPU.Build.0 = Release|Any CPU
	EndGlobalSection
	GlobalSection(SolutionProperties) = preSolution
		HideSolutionNode = FALSE
	EndGlobalSection
	GlobalSection(ExtensibilityGlobals) = postSolution
		SolutionGuid = {D44708B5-06EB-41D5-8C5E-DE4EA10F0454}
	EndGlobalSection
EndGlobal
